
Microsoft Visual Studio Solution File, Format Version 12.00
# Visual Studio 15
VisualStudioVersion = 15.0.27130.2027
MinimumVisualStudioVersion = 10.0.40219.1
Project("{FAE04EC0-301F-11D3-BF4B-00C04F79EFBC}") = "WindowsFormsApp3", "WindowsFormsApp3\WindowsFormsApp3.csproj", "{602BE0E2-B7C6-4A4E-ACC9-03B4F7231298}"
EndProject
Project("{FAE04EC0-301F-11D3-BF4B-00C04F79EFBC}") = "ScottPlot", "..\..\..\Desktop\ScottPlot-master\src\ScottPlot\ScottPlot.csproj", "{146D9444-8D80-4049-AB17-55AE852F59E3}"
EndProject
Global
	GlobalSection(SolutionConfigurationPlatforms) = preSolution
		Debug|Any CPU = Debug|Any CPU
		Release|Any CPU = Release|Any CPU
	EndGlobalSection
	GlobalSection(ProjectConfigurationPlatforms) = postSolution
		{602BE0E2-B7C6-4A4E-ACC9-03B4F7231298}.Debug|Any CPU.ActiveCfg = Debug|Any CPU
		{602BE0E2-B7C6-4A4E-ACC9-03B4F7231298}.Debug|Any CPU.Build.0 = Debug|Any CPU
		{602BE0E2-B7C6-4A4E-ACC9-03B4F7231298}.Release|Any CPU.ActiveCfg = Release|Any CPU
		{602BE0E2-B7C6-4A4E-ACC9-03B4F7231298}.Release|Any CPU.Build.0 = Release|Any CPU
		{146D9444-8D80-4049-AB17-55AE852F59E3}.Debug|Any CPU.ActiveCfg = Debug|Any CPU
		{146D9444-8D80-4049-AB17-55AE852F59E3}.Debug|Any CPU.Build.0 = Debug|Any CPU
		{146D9444-8D80-4049-AB17-55AE852F59E3}.Release|Any CPU.ActiveCfg = Release|Any CPU
		{146D9444-8D80-4049-AB17-55AE852F59E3}.Release|Any CPU.Build.0 = Release|Any CPU
	EndGlobalSection
	GlobalSection(SolutionProperties) = preSolution
		HideSolutionNode = FALSE
	EndGlobalSection
	GlobalSection(ExtensibilityGlobals) = postSolution
		SolutionGuid = {74AC2667-0B4A-461D-AB60-2EF5B5503F3D}
	EndGlobalSection
EndGlobal
